
Microsoft Visual Studio Solution File, Format Version 12.00
# Visual Studio Version 17
VisualStudioVersion = 17.8.34322.80
MinimumVisualStudioVersion = 10.0.40219.1
Project("{2150E333-8FDC-42A3-9474-1A3956D46DE8}") = "Bank", "Bank", "{681ABF9E-84C7-4997-9028-F30843F1203C}"
EndProject
Project("{9A19103F-16F7-4668-BE54-9A1E7A4F7556}") = "Banks", "Banks\Banks.csproj", "{22C56237-49ED-4C2E-BC22-05BE5B4B3587}"
EndProject
Project("{9A19103F-16F7-4668-BE54-9A1E7A4F7556}") = "Banks.Tests", "Banks.Tests\Banks.Tests.csproj", "{7729F87E-CD12-46C1-8DAF-6B5EE026952F}"
EndProject
Project("{9A19103F-16F7-4668-BE54-9A1E7A4F7556}") = "Calculators", "Calculators\Calculators.csproj", "{89678118-8A38-4512-860D-3F55A8C11EDE}"
EndProject
Project("{9A19103F-16F7-4668-BE54-9A1E7A4F7556}") = "Calculators.Tests", "Calculators.Tests\Calculators.Tests.csproj", "{69EB19A0-CE4E-41B5-BC73-5AFDA2B7E6D1}"
EndProject
Project("{2150E333-8FDC-42A3-9474-1A3956D46DE8}") = "Calculator", "Calculator", "{EE37A155-B246-4ACE-9A61-480010478502}"
EndProject
Project("{9A19103F-16F7-4668-BE54-9A1E7A4F7556}") = "TaskManagers", "TaskManagers\TaskManagers.csproj", "{E1835773-CF22-480C-919B-798CABE357FF}"
EndProject
Project("{2150E333-8FDC-42A3-9474-1A3956D46DE8}") = "TaskManager", "TaskManager", "{41827233-EF0B-4EB4-AC50-FB8744F51942}"
EndProject
Project("{9A19103F-16F7-4668-BE54-9A1E7A4F7556}") = "TaskManagers.Tests", "TaskManagers.Tests\TaskManagers.Tests.csproj", "{4570335E-346F-413D-807C-CA0B747A6DD1}"
EndProject
Project("{2150E333-8FDC-42A3-9474-1A3956D46DE8}") = "FizzBuzz", "FizzBuzz", "{E862945C-6EEA-40BC-A987-C0A31D9976FB}"
EndProject
Project("{9A19103F-16F7-4668-BE54-9A1E7A4F7556}") = "FizzBuzzProject", "FizzBuzzProject\FizzBuzzProject.csproj", "{03DDB6FB-1671-4187-97BD-03A3A1178D85}"
EndProject
Project("{9A19103F-16F7-4668-BE54-9A1E7A4F7556}") = "FizzBuzzProject.Tests", "FizzBuzzProject.Tests\FizzBuzzProject.Tests.csproj", "{FD88157C-1743-4ECD-8F6A-DC364A29AAE8}"
EndProject
Project("{2150E333-8FDC-42A3-9474-1A3956D46DE8}") = "MaxFloat", "MaxFloat", "{A1B926DD-7987-4C3F-BECF-2F847C1D329E}"
EndProject
Project("{9A19103F-16F7-4668-BE54-9A1E7A4F7556}") = "MaxFloatProject", "MaxFloatProject\MaxFloatProject.csproj", "{B3E3966A-F236-4433-B52F-81E1707D8681}"
EndProject
Project("{9A19103F-16F7-4668-BE54-9A1E7A4F7556}") = "MaxFloatProject.Tests", "MaxFloatProject.Tests\MaxFloatProject.Tests.csproj", "{23019E26-7211-4034-A062-2C362FD72EFE}"
EndProject
Global
	GlobalSection(SolutionConfigurationPlatforms) = preSolution
		Debug|Any CPU = Debug|Any CPU
		Release|Any CPU = Release|Any CPU
	EndGlobalSection
	GlobalSection(ProjectConfigurationPlatforms) = postSolution
		{22C56237-49ED-4C2E-BC22-05BE5B4B3587}.Debug|Any CPU.ActiveCfg = Debug|Any CPU
		{22C56237-49ED-4C2E-BC22-05BE5B4B3587}.Debug|Any CPU.Build.0 = Debug|Any CPU
		{22C56237-49ED-4C2E-BC22-05BE5B4B3587}.Release|Any CPU.ActiveCfg = Release|Any CPU
		{22C56237-49ED-4C2E-BC22-05BE5B4B3587}.Release|Any CPU.Build.0 = Release|Any CPU
		{7729F87E-CD12-46C1-8DAF-6B5EE026952F}.Debug|Any CPU.ActiveCfg = Debug|Any CPU
		{7729F87E-CD12-46C1-8DAF-6B5EE026952F}.Debug|Any CPU.Build.0 = Debug|Any CPU
		{7729F87E-CD12-46C1-8DAF-6B5EE026952F}.Release|Any CPU.ActiveCfg = Release|Any CPU
		{7729F87E-CD12-46C1-8DAF-6B5EE026952F}.Release|Any CPU.Build.0 = Release|Any CPU
		{89678118-8A38-4512-860D-3F55A8C11EDE}.Debug|Any CPU.ActiveCfg = Debug|Any CPU
		{89678118-8A38-4512-860D-3F55A8C11EDE}.Debug|Any CPU.Build.0 = Debug|Any CPU
		{89678118-8A38-4512-860D-3F55A8C11EDE}.Release|Any CPU.ActiveCfg = Release|Any CPU
		{89678118-8A38-4512-860D-3F55A8C11EDE}.Release|Any CPU.Build.0 = Release|Any CPU
		{69EB19A0-CE4E-41B5-BC73-5AFDA2B7E6D1}.Debug|Any CPU.ActiveCfg = Debug|Any CPU
		{69EB19A0-CE4E-41B5-BC73-5AFDA2B7E6D1}.Debug|Any CPU.Build.0 = Debug|Any CPU
		{69EB19A0-CE4E-41B5-BC73-5AFDA2B7E6D1}.Release|Any CPU.ActiveCfg = Release|Any CPU
		{69EB19A0-CE4E-41B5-BC73-5AFDA2B7E6D1}.Release|Any CPU.Build.0 = Release|Any CPU
		{E1835773-CF22-480C-919B-798CABE357FF}.Debug|Any CPU.ActiveCfg = Debug|Any CPU
		{E1835773-CF22-480C-919B-798CABE357FF}.Debug|Any CPU.Build.0 = Debug|Any CPU
		{E1835773-CF22-480C-919B-798CABE357FF}.Release|Any CPU.ActiveCfg = Release|Any CPU
		{E1835773-CF22-480C-919B-798CABE357FF}.Release|Any CPU.Build.0 = Release|Any CPU
		{4570335E-346F-413D-807C-CA0B747A6DD1}.Debug|Any CPU.ActiveCfg = Debug|Any CPU
		{4570335E-346F-413D-807C-CA0B747A6DD1}.Debug|Any CPU.Build.0 = Debug|Any CPU
		{4570335E-346F-413D-807C-CA0B747A6DD1}.Release|Any CPU.ActiveCfg = Release|Any CPU
		{4570335E-346F-413D-807C-CA0B747A6DD1}.Release|Any CPU.Build.0 = Release|Any CPU
		{03DDB6FB-1671-4187-97BD-03A3A1178D85}.Debug|Any CPU.ActiveCfg = Debug|Any CPU
		{03DDB6FB-1671-4187-97BD-03A3A1178D85}.Debug|Any CPU.Build.0 = Debug|Any CPU
		{03DDB6FB-1671-4187-97BD-03A3A1178D85}.Release|Any CPU.ActiveCfg = Release|Any CPU
		{03DDB6FB-1671-4187-97BD-03A3A1178D85}.Release|Any CPU.Build.0 = Release|Any CPU
		{FD88157C-1743-4ECD-8F6A-DC364A29AAE8}.Debug|Any CPU.ActiveCfg = Debug|Any CPU
		{FD88157C-1743-4ECD-8F6A-DC364A29AAE8}.Debug|Any CPU.Build.0 = Debug|Any CPU
		{FD88157C-1743-4ECD-8F6A-DC364A29AAE8}.Release|Any CPU.ActiveCfg = Release|Any CPU
		{FD88157C-1743-4ECD-8F6A-DC364A29AAE8}.Release|Any CPU.Build.0 = Release|Any CPU
		{B3E3966A-F236-4433-B52F-81E1707D8681}.Debug|Any CPU.ActiveCfg = Debug|Any CPU
		{B3E3966A-F236-4433-B52F-81E1707D8681}.Debug|Any CPU.Build.0 = Debug|Any CPU
		{B3E3966A-F236-4433-B52F-81E1707D8681}.Release|Any CPU.ActiveCfg = Release|Any CPU
		{B3E3966A-F236-4433-B52F-81E1707D8681}.Release|Any CPU.Build.0 = Release|Any CPU
		{23019E26-7211-4034-A062-2C362FD72EFE}.Debug|Any CPU.ActiveCfg = Debug|Any CPU
		{23019E26-7211-4034-A062-2C362FD72EFE}.Debug|Any CPU.Build.0 = Debug|Any CPU
		{23019E26-7211-4034-A062-2C362FD72EFE}.Release|Any CPU.ActiveCfg = Release|Any CPU
		{23019E26-7211-4034-A062-2C362FD72EFE}.Release|Any CPU.Build.0 = Release|Any CPU
	EndGlobalSection
	GlobalSection(SolutionProperties) = preSolution
		HideSolutionNode = FALSE
	EndGlobalSection
	GlobalSection(NestedProjects) = preSolution
		{22C56237-49ED-4C2E-BC22-05BE5B4B3587} = {681ABF9E-84C7-4997-9028-F30843F1203C}
		{7729F87E-CD12-46C1-8DAF-6B5EE026952F} = {681ABF9E-84C7-4997-9028-F30843F1203C}
		{89678118-8A38-4512-860D-3F55A8C11EDE} = {EE37A155-B246-4ACE-9A61-480010478502}
		{69EB19A0-CE4E-41B5-BC73-5AFDA2B7E6D1} = {EE37A155-B246-4ACE-9A61-480010478502}
		{E1835773-CF22-480C-919B-798CABE357FF} = {41827233-EF0B-4EB4-AC50-FB8744F51942}
		{4570335E-346F-413D-807C-CA0B747A6DD1} = {41827233-EF0B-4EB4-AC50-FB8744F51942}
		{03DDB6FB-1671-4187-97BD-03A3A1178D85} = {E862945C-6EEA-40BC-A987-C0A31D9976FB}
		{FD88157C-1743-4ECD-8F6A-DC364A29AAE8} = {E862945C-6EEA-40BC-A987-C0A31D9976FB}
		{B3E3966A-F236-4433-B52F-81E1707D8681} = {A1B926DD-7987-4C3F-BECF-2F847C1D329E}
		{23019E26-7211-4034-A062-2C362FD72EFE} = {A1B926DD-7987-4C3F-BECF-2F847C1D329E}
	EndGlobalSection
	GlobalSection(ExtensibilityGlobals) = postSolution
		SolutionGuid = {DC9BC6A5-5C86-4269-AF08-01EFAA9446B0}
	EndGlobalSection
EndGlobal
